
Microsoft Visual Studio Solution File, Format Version 12.00
# Visual Studio Version 17
VisualStudioVersion = 17.11.35219.272
MinimumVisualStudioVersion = 10.0.40219.1
Project("{FAE04EC0-301F-11D3-BF4B-00C04F79EFBC}") = "MovieManager.Server", "MovieManager.Server\MovieManager.Server.csproj", "{5BE0E122-324D-4AC5-9693-A7DCB98F2825}"
EndProject
Project("{54A90642-561A-4BB1-A94E-469ADEE60C69}") = "moviemanager.client", "moviemanager.client\moviemanager.client.esproj", "{235E14B9-EEE8-4CBE-A3AD-512AA04E9FFF}"
EndProject
Global
	GlobalSection(SolutionConfigurationPlatforms) = preSolution
		Debug|Any CPU = Debug|Any CPU
		Release|Any CPU = Release|Any CPU
	EndGlobalSection
	GlobalSection(ProjectConfigurationPlatforms) = postSolution
		{5BE0E122-324D-4AC5-9693-A7DCB98F2825}.Debug|Any CPU.ActiveCfg = Debug|Any CPU
		{5BE0E122-324D-4AC5-9693-A7DCB98F2825}.Debug|Any CPU.Build.0 = Debug|Any CPU
		{5BE0E122-324D-4AC5-9693-A7DCB98F2825}.Release|Any CPU.ActiveCfg = Release|Any CPU
		{5BE0E122-324D-4AC5-9693-A7DCB98F2825}.Release|Any CPU.Build.0 = Release|Any CPU
		{235E14B9-EEE8-4CBE-A3AD-512AA04E9FFF}.Debug|Any CPU.ActiveCfg = Debug|Any CPU
		{235E14B9-EEE8-4CBE-A3AD-512AA04E9FFF}.Debug|Any CPU.Build.0 = Debug|Any CPU
		{235E14B9-EEE8-4CBE-A3AD-512AA04E9FFF}.Debug|Any CPU.Deploy.0 = Debug|Any CPU
		{235E14B9-EEE8-4CBE-A3AD-512AA04E9FFF}.Release|Any CPU.ActiveCfg = Release|Any CPU
		{235E14B9-EEE8-4CBE-A3AD-512AA04E9FFF}.Release|Any CPU.Build.0 = Release|Any CPU
		{235E14B9-EEE8-4CBE-A3AD-512AA04E9FFF}.Release|Any CPU.Deploy.0 = Release|Any CPU
	EndGlobalSection
	GlobalSection(SolutionProperties) = preSolution
		HideSolutionNode = FALSE
	EndGlobalSection
	GlobalSection(ExtensibilityGlobals) = postSolution
		SolutionGuid = {F195F025-2F10-46AD-9EC2-B4882682B6AD}
	EndGlobalSection
EndGlobal
